schema: '2.0'
stages:
  train:
    cmd: python src/noshow/model/train_model.py
    deps:
    - path: data/processed/featuretable.parquet
      md5: 2e6b4ae799c34e58e1b7ebdced6df162
      size: 18572683
    - path: src/noshow/model/train_model.py
      md5: 9e85a92b8e0dceaccb95280d78f8effd
      size: 3871
    outs:
    - path: output/models/no_show_model_cv.pickle
      md5: 80a11eeb517e83d87b983c81f82afdaa
      size: 291682436
  feature_building:
    cmd: python src/noshow/features/feature_pipeline.py
    deps:
    - path: data/raw/NL.txt
      md5: 6dd4fc6184a20b756821d48bd39488f0
      size: 279455
    - path: data/raw/poliafspraken_no_show.csv
      md5: 2282c964ec34727ea06e2fb22df437b4
      size: 132031176
    - path: src/noshow/features/feature_pipeline.py
      md5: b5d46f067689a051f2a7e3cbc8798952
      size: 2709
    outs:
    - path: data/processed/featuretable.parquet
      md5: 2e6b4ae799c34e58e1b7ebdced6df162
      size: 18572683
