schema: '2.0'
stages:
  train:
    cmd: python src/noshow/model/train_model.py
    deps:
    - path: data/processed/featuretable.parquet
      hash: md5
      md5: a6383dc3bea01b786de2a7a51635d94e
      size: 9413253
    - path: src/noshow/model/train_model.py
      hash: md5
      md5: 98753748d1408144fa8db0559f28fbc1
      size: 3444
    outs:
    - path: output/models/no_show_model_cv.pickle
      hash: md5
      md5: 40256f5a192d20646d2181ee17ae52f8
      size: 420102
  feature_building:
    cmd: python src/noshow/features/feature_pipeline.py
    deps:
    - path: data/raw/NL.txt
      md5: 6dd4fc6184a20b756821d48bd39488f0
      size: 279455
    - path: data/raw/poliafspraken_no_show.csv
      hash: md5
      md5: 729611fc8b3a972d6ac1735e09869477
      size: 46863332
    - path: src/noshow/features/feature_pipeline.py
      hash: md5
      md5: c58cd256e4737f0e7455e3de4e395315
      size: 2859
    outs:
    - path: data/processed/featuretable.parquet
      hash: md5
      md5: a6383dc3bea01b786de2a7a51635d94e
      size: 9413253
