schema: '2.0'
stages:
  train:
    cmd: python src/noshow/model/train_model.py
    deps:
    - path: data/processed/featuretable.parquet
      hash: md5
      md5: 682285c6aada5c265dee936ec6127e74
      size: 29428312
    - path: src/noshow/model/train_model.py
      hash: md5
      md5: 00964a947199825f721ebbbe0bb23da6
      size: 3708
    outs:
    - path: output/models/no_show_model_cv.pickle
      hash: md5
      md5: bba9fcf51aad763bb61995c6dbb8284e
      size: 957929
  feature_building:
    cmd: python src/noshow/features/feature_pipeline.py
    deps:
    - path: data/raw/NL.txt
      md5: 6dd4fc6184a20b756821d48bd39488f0
      size: 279455
    - path: data/raw/poliafspraken_no_show.csv
      hash: md5
      md5: 34650909bcde1f3d5cbdf0440999aac2
      size: 123938701
    - path: src/noshow/features/feature_pipeline.py
      hash: md5
      md5: c58cd256e4737f0e7455e3de4e395315
      size: 2859
    outs:
    - path: data/processed/featuretable.parquet
      hash: md5
      md5: 682285c6aada5c265dee936ec6127e74
      size: 29428312
